
Microsoft Visual Studio Solution File, Format Version 12.00
# Visual Studio 2013
VisualStudioVersion = 12.0.30110.0
MinimumVisualStudioVersion = 10.0.40219.1
Project("{FAE04EC0-301F-11D3-BF4B-00C04F79EFBC}") = "01.PlanarCoordinateSystem", "01.PlanarCoordinateSystem\01.PlanarCoordinateSystem.csproj", "{09A16010-E519-4365-A01B-F229DE9E0252}"
EndProject
Project("{FAE04EC0-301F-11D3-BF4B-00C04F79EFBC}") = "02.ElementsRemover", "02.ElementsRemover\02.ElementsRemover.csproj", "{5CB1BFDE-7486-4353-B747-E2BD0CE20623}"
EndProject
Project("{FAE04EC0-301F-11D3-BF4B-00C04F79EFBC}") = "03.DeepCopy", "03.DeepCopy\03.DeepCopy.csproj", "{C2E30AA9-597B-4977-96DE-B8FC9E35A05E}"
EndProject
Project("{FAE04EC0-301F-11D3-BF4B-00C04F79EFBC}") = "04.PropertyCheck", "04.PropertyCheck\04.PropertyCheck.csproj", "{4AE931AE-88E1-4F92-89FF-11A38F37B380}"
EndProject
Project("{FAE04EC0-301F-11D3-BF4B-00C04F79EFBC}") = "05.YoungestPersonFinder", "05.YoungestPersonFinder\05.YoungestPersonFinder.csproj", "{D87937E6-EF6F-4ECE-AEEF-DDDEAAA6FDA5}"
EndProject
Project("{FAE04EC0-301F-11D3-BF4B-00C04F79EFBC}") = "06.GroupByGivenProperty", "06.GroupByGivenProperty\06.GroupByGivenProperty.csproj", "{2832249B-70B9-44BD-BF8C-80D4DC714F40}"
EndProject
Global
	GlobalSection(SolutionConfigurationPlatforms) = preSolution
		Debug|Any CPU = Debug|Any CPU
		Release|Any CPU = Release|Any CPU
	EndGlobalSection
	GlobalSection(ProjectConfigurationPlatforms) = postSolution
		{09A16010-E519-4365-A01B-F229DE9E0252}.Debug|Any CPU.ActiveCfg = Debug|Any CPU
		{09A16010-E519-4365-A01B-F229DE9E0252}.Debug|Any CPU.Build.0 = Debug|Any CPU
		{09A16010-E519-4365-A01B-F229DE9E0252}.Release|Any CPU.ActiveCfg = Release|Any CPU
		{09A16010-E519-4365-A01B-F229DE9E0252}.Release|Any CPU.Build.0 = Release|Any CPU
		{5CB1BFDE-7486-4353-B747-E2BD0CE20623}.Debug|Any CPU.ActiveCfg = Debug|Any CPU
		{5CB1BFDE-7486-4353-B747-E2BD0CE20623}.Debug|Any CPU.Build.0 = Debug|Any CPU
		{5CB1BFDE-7486-4353-B747-E2BD0CE20623}.Release|Any CPU.ActiveCfg = Release|Any CPU
		{5CB1BFDE-7486-4353-B747-E2BD0CE20623}.Release|Any CPU.Build.0 = Release|Any CPU
		{C2E30AA9-597B-4977-96DE-B8FC9E35A05E}.Debug|Any CPU.ActiveCfg = Debug|Any CPU
		{C2E30AA9-597B-4977-96DE-B8FC9E35A05E}.Debug|Any CPU.Build.0 = Debug|Any CPU
		{C2E30AA9-597B-4977-96DE-B8FC9E35A05E}.Release|Any CPU.ActiveCfg = Release|Any CPU
		{C2E30AA9-597B-4977-96DE-B8FC9E35A05E}.Release|Any CPU.Build.0 = Release|Any CPU
		{4AE931AE-88E1-4F92-89FF-11A38F37B380}.Debug|Any CPU.ActiveCfg = Debug|Any CPU
		{4AE931AE-88E1-4F92-89FF-11A38F37B380}.Debug|Any CPU.Build.0 = Debug|Any CPU
		{4AE931AE-88E1-4F92-89FF-11A38F37B380}.Release|Any CPU.ActiveCfg = Release|Any CPU
		{4AE931AE-88E1-4F92-89FF-11A38F37B380}.Release|Any CPU.Build.0 = Release|Any CPU
		{D87937E6-EF6F-4ECE-AEEF-DDDEAAA6FDA5}.Debug|Any CPU.ActiveCfg = Debug|Any CPU
		{D87937E6-EF6F-4ECE-AEEF-DDDEAAA6FDA5}.Debug|Any CPU.Build.0 = Debug|Any CPU
		{D87937E6-EF6F-4ECE-AEEF-DDDEAAA6FDA5}.Release|Any CPU.ActiveCfg = Release|Any CPU
		{D87937E6-EF6F-4ECE-AEEF-DDDEAAA6FDA5}.Release|Any CPU.Build.0 = Release|Any CPU
		{2832249B-70B9-44BD-BF8C-80D4DC714F40}.Debug|Any CPU.ActiveCfg = Debug|Any CPU
		{2832249B-70B9-44BD-BF8C-80D4DC714F40}.Debug|Any CPU.Build.0 = Debug|Any CPU
		{2832249B-70B9-44BD-BF8C-80D4DC714F40}.Release|Any CPU.ActiveCfg = Release|Any CPU
		{2832249B-70B9-44BD-BF8C-80D4DC714F40}.Release|Any CPU.Build.0 = Release|Any CPU
	EndGlobalSection
	GlobalSection(SolutionProperties) = preSolution
		HideSolutionNode = FALSE
	EndGlobalSection
EndGlobal
