
Microsoft Visual Studio Solution File, Format Version 12.00
# Visual Studio 2013
VisualStudioVersion = 12.0.30110.0
MinimumVisualStudioVersion = 10.0.40219.1
Project("{FAE04EC0-301F-11D3-BF4B-00C04F79EFBC}") = "01.ReverseString", "01.ReverseString\01.ReverseString.csproj", "{E190C12E-569E-470A-9056-3F26AB03485A}"
EndProject
Project("{FAE04EC0-301F-11D3-BF4B-00C04F79EFBC}") = "02.BracketsChecker", "02.BracketsChecker\02.BracketsChecker.csproj", "{8DBDF9D0-52A0-4420-86C2-2625AC5A6795}"
EndProject
Project("{FAE04EC0-301F-11D3-BF4B-00C04F79EFBC}") = "03.SubstringFinder", "03.SubstringFinder\03.SubstringFinder.csproj", "{2CFB0795-A672-4A13-A569-A91AB2731C7F}"
EndProject
Project("{FAE04EC0-301F-11D3-BF4B-00C04F79EFBC}") = "04.TextChanger", "04.TextChanger\04.TextChanger.csproj", "{8B4EC39E-FCF9-4133-8CEF-E56BF3B74826}"
EndProject
Project("{FAE04EC0-301F-11D3-BF4B-00C04F79EFBC}") = "05.NonBreakingWhiteSpacesReplacer", "05.NonBreakingWhiteSpacesReplacer\05.NonBreakingWhiteSpacesReplacer.csproj", "{6F8AE4E6-1C9B-41E5-9A59-77A4CB1A9749}"
EndProject
Project("{FAE04EC0-301F-11D3-BF4B-00C04F79EFBC}") = "06.ContentExtractor", "06.ContentExtractor\06.ContentExtractor.csproj", "{B7A60DC6-82CD-483E-89CF-4B754E27F50B}"
EndProject
Project("{FAE04EC0-301F-11D3-BF4B-00C04F79EFBC}") = "07.URLParser", "07.URLParser\07.URLParser.csproj", "{E1C22EF0-344F-4976-958B-E0BFBA65260B}"
EndProject
Project("{FAE04EC0-301F-11D3-BF4B-00C04F79EFBC}") = "08.TagReplacer", "08.TagReplacer\08.TagReplacer.csproj", "{F8DC042E-9A01-4256-BE42-557AFC35E324}"
EndProject
Project("{FAE04EC0-301F-11D3-BF4B-00C04F79EFBC}") = "09.EmailExtractor", "09.EmailExtractor\09.EmailExtractor.csproj", "{04C7312C-8766-4837-876E-91A692519BC1}"
EndProject
Project("{FAE04EC0-301F-11D3-BF4B-00C04F79EFBC}") = "10.PalindromeExtractor", "10.PalindromeExtractor\10.PalindromeExtractor.csproj", "{B9A85FAF-2277-47A6-883F-04B0FF874300}"
EndProject
Project("{FAE04EC0-301F-11D3-BF4B-00C04F79EFBC}") = "11.StringFormatter", "11.StringFormatter\11.StringFormatter.csproj", "{95D90D4B-1A40-4E28-B3A0-0BC6CD721736}"
EndProject
Project("{FAE04EC0-301F-11D3-BF4B-00C04F79EFBC}") = "12.HTMLULCreator", "12.HTMLULCreator\12.HTMLULCreator.csproj", "{0E465829-C4BF-4584-93D9-632D427D43B2}"
EndProject
Global
	GlobalSection(SolutionConfigurationPlatforms) = preSolution
		Debug|Any CPU = Debug|Any CPU
		Release|Any CPU = Release|Any CPU
	EndGlobalSection
	GlobalSection(ProjectConfigurationPlatforms) = postSolution
		{E190C12E-569E-470A-9056-3F26AB03485A}.Debug|Any CPU.ActiveCfg = Debug|Any CPU
		{E190C12E-569E-470A-9056-3F26AB03485A}.Debug|Any CPU.Build.0 = Debug|Any CPU
		{E190C12E-569E-470A-9056-3F26AB03485A}.Release|Any CPU.ActiveCfg = Release|Any CPU
		{E190C12E-569E-470A-9056-3F26AB03485A}.Release|Any CPU.Build.0 = Release|Any CPU
		{8DBDF9D0-52A0-4420-86C2-2625AC5A6795}.Debug|Any CPU.ActiveCfg = Debug|Any CPU
		{8DBDF9D0-52A0-4420-86C2-2625AC5A6795}.Debug|Any CPU.Build.0 = Debug|Any CPU
		{8DBDF9D0-52A0-4420-86C2-2625AC5A6795}.Release|Any CPU.ActiveCfg = Release|Any CPU
		{8DBDF9D0-52A0-4420-86C2-2625AC5A6795}.Release|Any CPU.Build.0 = Release|Any CPU
		{2CFB0795-A672-4A13-A569-A91AB2731C7F}.Debug|Any CPU.ActiveCfg = Debug|Any CPU
		{2CFB0795-A672-4A13-A569-A91AB2731C7F}.Debug|Any CPU.Build.0 = Debug|Any CPU
		{2CFB0795-A672-4A13-A569-A91AB2731C7F}.Release|Any CPU.ActiveCfg = Release|Any CPU
		{2CFB0795-A672-4A13-A569-A91AB2731C7F}.Release|Any CPU.Build.0 = Release|Any CPU
		{8B4EC39E-FCF9-4133-8CEF-E56BF3B74826}.Debug|Any CPU.ActiveCfg = Debug|Any CPU
		{8B4EC39E-FCF9-4133-8CEF-E56BF3B74826}.Debug|Any CPU.Build.0 = Debug|Any CPU
		{8B4EC39E-FCF9-4133-8CEF-E56BF3B74826}.Release|Any CPU.ActiveCfg = Release|Any CPU
		{8B4EC39E-FCF9-4133-8CEF-E56BF3B74826}.Release|Any CPU.Build.0 = Release|Any CPU
		{6F8AE4E6-1C9B-41E5-9A59-77A4CB1A9749}.Debug|Any CPU.ActiveCfg = Debug|Any CPU
		{6F8AE4E6-1C9B-41E5-9A59-77A4CB1A9749}.Debug|Any CPU.Build.0 = Debug|Any CPU
		{6F8AE4E6-1C9B-41E5-9A59-77A4CB1A9749}.Release|Any CPU.ActiveCfg = Release|Any CPU
		{6F8AE4E6-1C9B-41E5-9A59-77A4CB1A9749}.Release|Any CPU.Build.0 = Release|Any CPU
		{B7A60DC6-82CD-483E-89CF-4B754E27F50B}.Debug|Any CPU.ActiveCfg = Debug|Any CPU
		{B7A60DC6-82CD-483E-89CF-4B754E27F50B}.Debug|Any CPU.Build.0 = Debug|Any CPU
		{B7A60DC6-82CD-483E-89CF-4B754E27F50B}.Release|Any CPU.ActiveCfg = Release|Any CPU
		{B7A60DC6-82CD-483E-89CF-4B754E27F50B}.Release|Any CPU.Build.0 = Release|Any CPU
		{E1C22EF0-344F-4976-958B-E0BFBA65260B}.Debug|Any CPU.ActiveCfg = Debug|Any CPU
		{E1C22EF0-344F-4976-958B-E0BFBA65260B}.Debug|Any CPU.Build.0 = Debug|Any CPU
		{E1C22EF0-344F-4976-958B-E0BFBA65260B}.Release|Any CPU.ActiveCfg = Release|Any CPU
		{E1C22EF0-344F-4976-958B-E0BFBA65260B}.Release|Any CPU.Build.0 = Release|Any CPU
		{F8DC042E-9A01-4256-BE42-557AFC35E324}.Debug|Any CPU.ActiveCfg = Debug|Any CPU
		{F8DC042E-9A01-4256-BE42-557AFC35E324}.Debug|Any CPU.Build.0 = Debug|Any CPU
		{F8DC042E-9A01-4256-BE42-557AFC35E324}.Release|Any CPU.ActiveCfg = Release|Any CPU
		{F8DC042E-9A01-4256-BE42-557AFC35E324}.Release|Any CPU.Build.0 = Release|Any CPU
		{04C7312C-8766-4837-876E-91A692519BC1}.Debug|Any CPU.ActiveCfg = Debug|Any CPU
		{04C7312C-8766-4837-876E-91A692519BC1}.Debug|Any CPU.Build.0 = Debug|Any CPU
		{04C7312C-8766-4837-876E-91A692519BC1}.Release|Any CPU.ActiveCfg = Release|Any CPU
		{04C7312C-8766-4837-876E-91A692519BC1}.Release|Any CPU.Build.0 = Release|Any CPU
		{B9A85FAF-2277-47A6-883F-04B0FF874300}.Debug|Any CPU.ActiveCfg = Debug|Any CPU
		{B9A85FAF-2277-47A6-883F-04B0FF874300}.Debug|Any CPU.Build.0 = Debug|Any CPU
		{B9A85FAF-2277-47A6-883F-04B0FF874300}.Release|Any CPU.ActiveCfg = Release|Any CPU
		{B9A85FAF-2277-47A6-883F-04B0FF874300}.Release|Any CPU.Build.0 = Release|Any CPU
		{95D90D4B-1A40-4E28-B3A0-0BC6CD721736}.Debug|Any CPU.ActiveCfg = Debug|Any CPU
		{95D90D4B-1A40-4E28-B3A0-0BC6CD721736}.Debug|Any CPU.Build.0 = Debug|Any CPU
		{95D90D4B-1A40-4E28-B3A0-0BC6CD721736}.Release|Any CPU.ActiveCfg = Release|Any CPU
		{95D90D4B-1A40-4E28-B3A0-0BC6CD721736}.Release|Any CPU.Build.0 = Release|Any CPU
		{0E465829-C4BF-4584-93D9-632D427D43B2}.Debug|Any CPU.ActiveCfg = Debug|Any CPU
		{0E465829-C4BF-4584-93D9-632D427D43B2}.Debug|Any CPU.Build.0 = Debug|Any CPU
		{0E465829-C4BF-4584-93D9-632D427D43B2}.Release|Any CPU.ActiveCfg = Release|Any CPU
		{0E465829-C4BF-4584-93D9-632D427D43B2}.Release|Any CPU.Build.0 = Release|Any CPU
	EndGlobalSection
	GlobalSection(SolutionProperties) = preSolution
		HideSolutionNode = FALSE
	EndGlobalSection
EndGlobal
