
Microsoft Visual Studio Solution File, Format Version 12.00
# Visual Studio 2013
VisualStudioVersion = 12.0.21005.1
MinimumVisualStudioVersion = 10.0.40219.1
Project("{FAE04EC0-301F-11D3-BF4B-00C04F79EFBC}") = "Student", "Student\Student.csproj", "{F180E29B-C376-44DF-8AE6-7346A5ADF5F2}"
EndProject
Project("{FAE04EC0-301F-11D3-BF4B-00C04F79EFBC}") = "Person", "Person\Person.csproj", "{6C05572A-428F-4FBE-8BC1-F18FDFB55842}"
EndProject
Project("{FAE04EC0-301F-11D3-BF4B-00C04F79EFBC}") = "BitArray", "BitArray\BitArray.csproj", "{8862859A-1BA1-435E-AA7E-6A5FEBB90A34}"
EndProject
Project("{FAE04EC0-301F-11D3-BF4B-00C04F79EFBC}") = "BinaryTree", "BinaryTree\BinaryTree.csproj", "{A6330B3C-84C2-43F5-ACBC-8985097F572A}"
EndProject
Global
	GlobalSection(SolutionConfigurationPlatforms) = preSolution
		Debug|Any CPU = Debug|Any CPU
		Release|Any CPU = Release|Any CPU
	EndGlobalSection
	GlobalSection(ProjectConfigurationPlatforms) = postSolution
		{F180E29B-C376-44DF-8AE6-7346A5ADF5F2}.Debug|Any CPU.ActiveCfg = Debug|Any CPU
		{F180E29B-C376-44DF-8AE6-7346A5ADF5F2}.Debug|Any CPU.Build.0 = Debug|Any CPU
		{F180E29B-C376-44DF-8AE6-7346A5ADF5F2}.Release|Any CPU.ActiveCfg = Release|Any CPU
		{F180E29B-C376-44DF-8AE6-7346A5ADF5F2}.Release|Any CPU.Build.0 = Release|Any CPU
		{6C05572A-428F-4FBE-8BC1-F18FDFB55842}.Debug|Any CPU.ActiveCfg = Debug|Any CPU
		{6C05572A-428F-4FBE-8BC1-F18FDFB55842}.Debug|Any CPU.Build.0 = Debug|Any CPU
		{6C05572A-428F-4FBE-8BC1-F18FDFB55842}.Release|Any CPU.ActiveCfg = Release|Any CPU
		{6C05572A-428F-4FBE-8BC1-F18FDFB55842}.Release|Any CPU.Build.0 = Release|Any CPU
		{8862859A-1BA1-435E-AA7E-6A5FEBB90A34}.Debug|Any CPU.ActiveCfg = Debug|Any CPU
		{8862859A-1BA1-435E-AA7E-6A5FEBB90A34}.Debug|Any CPU.Build.0 = Debug|Any CPU
		{8862859A-1BA1-435E-AA7E-6A5FEBB90A34}.Release|Any CPU.ActiveCfg = Release|Any CPU
		{8862859A-1BA1-435E-AA7E-6A5FEBB90A34}.Release|Any CPU.Build.0 = Release|Any CPU
		{A6330B3C-84C2-43F5-ACBC-8985097F572A}.Debug|Any CPU.ActiveCfg = Debug|Any CPU
		{A6330B3C-84C2-43F5-ACBC-8985097F572A}.Debug|Any CPU.Build.0 = Debug|Any CPU
		{A6330B3C-84C2-43F5-ACBC-8985097F572A}.Release|Any CPU.ActiveCfg = Release|Any CPU
		{A6330B3C-84C2-43F5-ACBC-8985097F572A}.Release|Any CPU.Build.0 = Release|Any CPU
	EndGlobalSection
	GlobalSection(SolutionProperties) = preSolution
		HideSolutionNode = FALSE
	EndGlobalSection
EndGlobal
