
Microsoft Visual Studio Solution File, Format Version 12.00
# Visual Studio 2013
VisualStudioVersion = 12.0.21005.1
MinimumVisualStudioVersion = 10.0.40219.1
Project("{FAE04EC0-301F-11D3-BF4B-00C04F79EFBC}") = "Task1", "Task1\Task1.csproj", "{9731E0AB-D90E-4853-90DA-84ECCA799B29}"
EndProject
Project("{FAE04EC0-301F-11D3-BF4B-00C04F79EFBC}") = "Task2", "Task2\Task2.csproj", "{F73C5D59-94D4-4C70-B7DE-6C99E15A8BC4}"
EndProject
Project("{FAE04EC0-301F-11D3-BF4B-00C04F79EFBC}") = "Task3", "Task3\Task3.csproj", "{CA1CCB32-F169-49CE-9D84-679C3E0DE529}"
EndProject
Global
	GlobalSection(SolutionConfigurationPlatforms) = preSolution
		Debug|Any CPU = Debug|Any CPU
		Release|Any CPU = Release|Any CPU
	EndGlobalSection
	GlobalSection(ProjectConfigurationPlatforms) = postSolution
		{9731E0AB-D90E-4853-90DA-84ECCA799B29}.Debug|Any CPU.ActiveCfg = Debug|Any CPU
		{9731E0AB-D90E-4853-90DA-84ECCA799B29}.Debug|Any CPU.Build.0 = Debug|Any CPU
		{9731E0AB-D90E-4853-90DA-84ECCA799B29}.Release|Any CPU.ActiveCfg = Release|Any CPU
		{9731E0AB-D90E-4853-90DA-84ECCA799B29}.Release|Any CPU.Build.0 = Release|Any CPU
		{F73C5D59-94D4-4C70-B7DE-6C99E15A8BC4}.Debug|Any CPU.ActiveCfg = Debug|Any CPU
		{F73C5D59-94D4-4C70-B7DE-6C99E15A8BC4}.Debug|Any CPU.Build.0 = Debug|Any CPU
		{F73C5D59-94D4-4C70-B7DE-6C99E15A8BC4}.Release|Any CPU.ActiveCfg = Release|Any CPU
		{F73C5D59-94D4-4C70-B7DE-6C99E15A8BC4}.Release|Any CPU.Build.0 = Release|Any CPU
		{CA1CCB32-F169-49CE-9D84-679C3E0DE529}.Debug|Any CPU.ActiveCfg = Debug|Any CPU
		{CA1CCB32-F169-49CE-9D84-679C3E0DE529}.Debug|Any CPU.Build.0 = Debug|Any CPU
		{CA1CCB32-F169-49CE-9D84-679C3E0DE529}.Release|Any CPU.ActiveCfg = Release|Any CPU
		{CA1CCB32-F169-49CE-9D84-679C3E0DE529}.Release|Any CPU.Build.0 = Release|Any CPU
	EndGlobalSection
	GlobalSection(SolutionProperties) = preSolution
		HideSolutionNode = FALSE
	EndGlobalSection
EndGlobal
