
Microsoft Visual Studio Solution File, Format Version 12.00
# Visual Studio 2013
VisualStudioVersion = 12.0.30110.0
MinimumVisualStudioVersion = 10.0.40219.1
Project("{FAE04EC0-301F-11D3-BF4B-00C04F79EFBC}") = "01.OddEvenNumbers", "01.OddEvenNumbers\01.OddEvenNumbers.csproj", "{35E37787-031D-4D6A-BBE9-E0C269A141E1}"
EndProject
Project("{FAE04EC0-301F-11D3-BF4B-00C04F79EFBC}") = "02.DivisibilityCheck", "02.DivisibilityCheck\02.DivisibilityCheck.csproj", "{99548F56-9C05-4818-937F-D52C5F01B5D5}"
EndProject
Project("{FAE04EC0-301F-11D3-BF4B-00C04F79EFBC}") = "05.BitCheck", "05.BitCheck\05.BitCheck.csproj", "{279D766C-7425-41E2-8C41-DF03A918E50A}"
EndProject
Project("{FAE04EC0-301F-11D3-BF4B-00C04F79EFBC}") = "04.DigitCheck", "04.DigitCheck\04.DigitCheck.csproj", "{37C86EF0-3EA8-4549-A565-9995E5B6D862}"
EndProject
Project("{FAE04EC0-301F-11D3-BF4B-00C04F79EFBC}") = "06.PointCheck", "06.PointCheck\06.PointCheck.csproj", "{594965E0-BE38-43BB-B15C-978348FBA744}"
EndProject
Project("{FAE04EC0-301F-11D3-BF4B-00C04F79EFBC}") = "07.PrimeNumberCheck", "07.PrimeNumberCheck\07.PrimeNumberCheck.csproj", "{5A9841EE-2DF0-4D4A-A409-DAA163F80F9F}"
EndProject
Project("{FAE04EC0-301F-11D3-BF4B-00C04F79EFBC}") = "08.Trapezoid`sArea", "08.Trapezoid`sArea\08.Trapezoid`sArea.csproj", "{1AC0D34F-9552-414C-AAB4-6CEE5F3F585A}"
EndProject
Project("{FAE04EC0-301F-11D3-BF4B-00C04F79EFBC}") = "09.PointCheck", "09.PointCheck\09.PointCheck.csproj", "{B7E17B50-AA75-4BC9-889A-353CBC16E7B8}"
EndProject
Project("{FAE04EC0-301F-11D3-BF4B-00C04F79EFBC}") = "03.Rectangles`sArea", "03.Rectangles`sArea\03.Rectangles`sArea.csproj", "{5B69590C-08F2-418D-9051-BD3F5F9966AF}"
EndProject
Global
	GlobalSection(SolutionConfigurationPlatforms) = preSolution
		Debug|Any CPU = Debug|Any CPU
		Release|Any CPU = Release|Any CPU
	EndGlobalSection
	GlobalSection(ProjectConfigurationPlatforms) = postSolution
		{35E37787-031D-4D6A-BBE9-E0C269A141E1}.Debug|Any CPU.ActiveCfg = Debug|Any CPU
		{35E37787-031D-4D6A-BBE9-E0C269A141E1}.Debug|Any CPU.Build.0 = Debug|Any CPU
		{35E37787-031D-4D6A-BBE9-E0C269A141E1}.Release|Any CPU.ActiveCfg = Release|Any CPU
		{35E37787-031D-4D6A-BBE9-E0C269A141E1}.Release|Any CPU.Build.0 = Release|Any CPU
		{99548F56-9C05-4818-937F-D52C5F01B5D5}.Debug|Any CPU.ActiveCfg = Debug|Any CPU
		{99548F56-9C05-4818-937F-D52C5F01B5D5}.Debug|Any CPU.Build.0 = Debug|Any CPU
		{99548F56-9C05-4818-937F-D52C5F01B5D5}.Release|Any CPU.ActiveCfg = Release|Any CPU
		{99548F56-9C05-4818-937F-D52C5F01B5D5}.Release|Any CPU.Build.0 = Release|Any CPU
		{279D766C-7425-41E2-8C41-DF03A918E50A}.Debug|Any CPU.ActiveCfg = Debug|Any CPU
		{279D766C-7425-41E2-8C41-DF03A918E50A}.Debug|Any CPU.Build.0 = Debug|Any CPU
		{279D766C-7425-41E2-8C41-DF03A918E50A}.Release|Any CPU.ActiveCfg = Release|Any CPU
		{279D766C-7425-41E2-8C41-DF03A918E50A}.Release|Any CPU.Build.0 = Release|Any CPU
		{37C86EF0-3EA8-4549-A565-9995E5B6D862}.Debug|Any CPU.ActiveCfg = Debug|Any CPU
		{37C86EF0-3EA8-4549-A565-9995E5B6D862}.Debug|Any CPU.Build.0 = Debug|Any CPU
		{37C86EF0-3EA8-4549-A565-9995E5B6D862}.Release|Any CPU.ActiveCfg = Release|Any CPU
		{37C86EF0-3EA8-4549-A565-9995E5B6D862}.Release|Any CPU.Build.0 = Release|Any CPU
		{594965E0-BE38-43BB-B15C-978348FBA744}.Debug|Any CPU.ActiveCfg = Debug|Any CPU
		{594965E0-BE38-43BB-B15C-978348FBA744}.Debug|Any CPU.Build.0 = Debug|Any CPU
		{594965E0-BE38-43BB-B15C-978348FBA744}.Release|Any CPU.ActiveCfg = Release|Any CPU
		{594965E0-BE38-43BB-B15C-978348FBA744}.Release|Any CPU.Build.0 = Release|Any CPU
		{5A9841EE-2DF0-4D4A-A409-DAA163F80F9F}.Debug|Any CPU.ActiveCfg = Debug|Any CPU
		{5A9841EE-2DF0-4D4A-A409-DAA163F80F9F}.Debug|Any CPU.Build.0 = Debug|Any CPU
		{5A9841EE-2DF0-4D4A-A409-DAA163F80F9F}.Release|Any CPU.ActiveCfg = Release|Any CPU
		{5A9841EE-2DF0-4D4A-A409-DAA163F80F9F}.Release|Any CPU.Build.0 = Release|Any CPU
		{1AC0D34F-9552-414C-AAB4-6CEE5F3F585A}.Debug|Any CPU.ActiveCfg = Debug|Any CPU
		{1AC0D34F-9552-414C-AAB4-6CEE5F3F585A}.Debug|Any CPU.Build.0 = Debug|Any CPU
		{1AC0D34F-9552-414C-AAB4-6CEE5F3F585A}.Release|Any CPU.ActiveCfg = Release|Any CPU
		{1AC0D34F-9552-414C-AAB4-6CEE5F3F585A}.Release|Any CPU.Build.0 = Release|Any CPU
		{B7E17B50-AA75-4BC9-889A-353CBC16E7B8}.Debug|Any CPU.ActiveCfg = Debug|Any CPU
		{B7E17B50-AA75-4BC9-889A-353CBC16E7B8}.Debug|Any CPU.Build.0 = Debug|Any CPU
		{B7E17B50-AA75-4BC9-889A-353CBC16E7B8}.Release|Any CPU.ActiveCfg = Release|Any CPU
		{B7E17B50-AA75-4BC9-889A-353CBC16E7B8}.Release|Any CPU.Build.0 = Release|Any CPU
		{5B69590C-08F2-418D-9051-BD3F5F9966AF}.Debug|Any CPU.ActiveCfg = Debug|Any CPU
		{5B69590C-08F2-418D-9051-BD3F5F9966AF}.Debug|Any CPU.Build.0 = Debug|Any CPU
		{5B69590C-08F2-418D-9051-BD3F5F9966AF}.Release|Any CPU.ActiveCfg = Release|Any CPU
		{5B69590C-08F2-418D-9051-BD3F5F9966AF}.Release|Any CPU.Build.0 = Release|Any CPU
	EndGlobalSection
	GlobalSection(SolutionProperties) = preSolution
		HideSolutionNode = FALSE
	EndGlobalSection
EndGlobal
