
Microsoft Visual Studio Solution File, Format Version 12.00
# Visual Studio 2013
VisualStudioVersion = 12.0.21005.1
MinimumVisualStudioVersion = 10.0.40219.1
Project("{FAE04EC0-301F-11D3-BF4B-00C04F79EFBC}") = "Task1", "Task1\Task1.csproj", "{FB31E7F9-0138-4758-B8CA-6A743E57B982}"
EndProject
Project("{FAE04EC0-301F-11D3-BF4B-00C04F79EFBC}") = "Task2", "Task2\Task2.csproj", "{4B08AC46-9BEE-4DFA-8B4C-80565D16D988}"
EndProject
Project("{FAE04EC0-301F-11D3-BF4B-00C04F79EFBC}") = "Task3", "Task3\Task3.csproj", "{BDD930E5-EA7D-42B5-A20C-73A552856ECF}"
EndProject
Global
	GlobalSection(SolutionConfigurationPlatforms) = preSolution
		Debug|Any CPU = Debug|Any CPU
		Release|Any CPU = Release|Any CPU
	EndGlobalSection
	GlobalSection(ProjectConfigurationPlatforms) = postSolution
		{FB31E7F9-0138-4758-B8CA-6A743E57B982}.Debug|Any CPU.ActiveCfg = Debug|Any CPU
		{FB31E7F9-0138-4758-B8CA-6A743E57B982}.Debug|Any CPU.Build.0 = Debug|Any CPU
		{FB31E7F9-0138-4758-B8CA-6A743E57B982}.Release|Any CPU.ActiveCfg = Release|Any CPU
		{FB31E7F9-0138-4758-B8CA-6A743E57B982}.Release|Any CPU.Build.0 = Release|Any CPU
		{4B08AC46-9BEE-4DFA-8B4C-80565D16D988}.Debug|Any CPU.ActiveCfg = Debug|Any CPU
		{4B08AC46-9BEE-4DFA-8B4C-80565D16D988}.Debug|Any CPU.Build.0 = Debug|Any CPU
		{4B08AC46-9BEE-4DFA-8B4C-80565D16D988}.Release|Any CPU.ActiveCfg = Release|Any CPU
		{4B08AC46-9BEE-4DFA-8B4C-80565D16D988}.Release|Any CPU.Build.0 = Release|Any CPU
		{BDD930E5-EA7D-42B5-A20C-73A552856ECF}.Debug|Any CPU.ActiveCfg = Debug|Any CPU
		{BDD930E5-EA7D-42B5-A20C-73A552856ECF}.Debug|Any CPU.Build.0 = Debug|Any CPU
		{BDD930E5-EA7D-42B5-A20C-73A552856ECF}.Release|Any CPU.ActiveCfg = Release|Any CPU
		{BDD930E5-EA7D-42B5-A20C-73A552856ECF}.Release|Any CPU.Build.0 = Release|Any CPU
	EndGlobalSection
	GlobalSection(SolutionProperties) = preSolution
		HideSolutionNode = FALSE
	EndGlobalSection
EndGlobal
