
Microsoft Visual Studio Solution File, Format Version 12.00
# Visual Studio 2013
VisualStudioVersion = 12.0.21005.1
MinimumVisualStudioVersion = 10.0.40219.1
Project("{FAE04EC0-301F-11D3-BF4B-00C04F79EFBC}") = "Space3D", "Space3D\Space3D.csproj", "{795EDCD9-5E74-46BE-928F-6520C85627A1}"
EndProject
Project("{FAE04EC0-301F-11D3-BF4B-00C04F79EFBC}") = "Generics", "Generics\Generics.csproj", "{452246A4-B28C-4E32-97FC-DBB7816A9AF9}"
EndProject
Project("{FAE04EC0-301F-11D3-BF4B-00C04F79EFBC}") = "ArithmeticOperationsOnMatrices", "ArithmeticOperationsOnMatrices\ArithmeticOperationsOnMatrices.csproj", "{37E530D5-A7C6-4CC6-863D-2390E542FA43}"
EndProject
Project("{FAE04EC0-301F-11D3-BF4B-00C04F79EFBC}") = "VersionAttribute", "VersionAttribute\VersionAttribute.csproj", "{0E3CA3CF-8B9E-4759-8DCB-FE92C3A32A81}"
EndProject
Global
	GlobalSection(SolutionConfigurationPlatforms) = preSolution
		Debug|Any CPU = Debug|Any CPU
		Release|Any CPU = Release|Any CPU
	EndGlobalSection
	GlobalSection(ProjectConfigurationPlatforms) = postSolution
		{795EDCD9-5E74-46BE-928F-6520C85627A1}.Debug|Any CPU.ActiveCfg = Debug|Any CPU
		{795EDCD9-5E74-46BE-928F-6520C85627A1}.Debug|Any CPU.Build.0 = Debug|Any CPU
		{795EDCD9-5E74-46BE-928F-6520C85627A1}.Release|Any CPU.ActiveCfg = Release|Any CPU
		{795EDCD9-5E74-46BE-928F-6520C85627A1}.Release|Any CPU.Build.0 = Release|Any CPU
		{452246A4-B28C-4E32-97FC-DBB7816A9AF9}.Debug|Any CPU.ActiveCfg = Debug|Any CPU
		{452246A4-B28C-4E32-97FC-DBB7816A9AF9}.Debug|Any CPU.Build.0 = Debug|Any CPU
		{452246A4-B28C-4E32-97FC-DBB7816A9AF9}.Release|Any CPU.ActiveCfg = Release|Any CPU
		{452246A4-B28C-4E32-97FC-DBB7816A9AF9}.Release|Any CPU.Build.0 = Release|Any CPU
		{37E530D5-A7C6-4CC6-863D-2390E542FA43}.Debug|Any CPU.ActiveCfg = Debug|Any CPU
		{37E530D5-A7C6-4CC6-863D-2390E542FA43}.Debug|Any CPU.Build.0 = Debug|Any CPU
		{37E530D5-A7C6-4CC6-863D-2390E542FA43}.Release|Any CPU.ActiveCfg = Release|Any CPU
		{37E530D5-A7C6-4CC6-863D-2390E542FA43}.Release|Any CPU.Build.0 = Release|Any CPU
		{0E3CA3CF-8B9E-4759-8DCB-FE92C3A32A81}.Debug|Any CPU.ActiveCfg = Debug|Any CPU
		{0E3CA3CF-8B9E-4759-8DCB-FE92C3A32A81}.Debug|Any CPU.Build.0 = Debug|Any CPU
		{0E3CA3CF-8B9E-4759-8DCB-FE92C3A32A81}.Release|Any CPU.ActiveCfg = Release|Any CPU
		{0E3CA3CF-8B9E-4759-8DCB-FE92C3A32A81}.Release|Any CPU.Build.0 = Release|Any CPU
	EndGlobalSection
	GlobalSection(SolutionProperties) = preSolution
		HideSolutionNode = FALSE
	EndGlobalSection
EndGlobal
