
Microsoft Visual Studio Solution File, Format Version 12.00
# Visual Studio 2013
VisualStudioVersion = 12.0.30501.0
MinimumVisualStudioVersion = 10.0.40219.1
Project("{FAE04EC0-301F-11D3-BF4B-00C04F79EFBC}") = "01.MessagesInABottle", "01.MessagesInABottle\01.MessagesInABottle.csproj", "{C0B45717-32CC-420D-A83E-7D75808D330D}"
EndProject
Project("{FAE04EC0-301F-11D3-BF4B-00C04F79EFBC}") = "02.AcademyTasks", "02.AcademyTasks\02.AcademyTasks.csproj", "{74ABEC5C-155B-4975-A781-E0349FADAD53}"
EndProject
Global
	GlobalSection(SolutionConfigurationPlatforms) = preSolution
		Debug|Any CPU = Debug|Any CPU
		Release|Any CPU = Release|Any CPU
	EndGlobalSection
	GlobalSection(ProjectConfigurationPlatforms) = postSolution
		{C0B45717-32CC-420D-A83E-7D75808D330D}.Debug|Any CPU.ActiveCfg = Debug|Any CPU
		{C0B45717-32CC-420D-A83E-7D75808D330D}.Debug|Any CPU.Build.0 = Debug|Any CPU
		{C0B45717-32CC-420D-A83E-7D75808D330D}.Release|Any CPU.ActiveCfg = Release|Any CPU
		{C0B45717-32CC-420D-A83E-7D75808D330D}.Release|Any CPU.Build.0 = Release|Any CPU
		{74ABEC5C-155B-4975-A781-E0349FADAD53}.Debug|Any CPU.ActiveCfg = Debug|Any CPU
		{74ABEC5C-155B-4975-A781-E0349FADAD53}.Debug|Any CPU.Build.0 = Debug|Any CPU
		{74ABEC5C-155B-4975-A781-E0349FADAD53}.Release|Any CPU.ActiveCfg = Release|Any CPU
		{74ABEC5C-155B-4975-A781-E0349FADAD53}.Release|Any CPU.Build.0 = Release|Any CPU
	EndGlobalSection
	GlobalSection(SolutionProperties) = preSolution
		HideSolutionNode = FALSE
	EndGlobalSection
EndGlobal
